
Microsoft Visual Studio Solution File, Format Version 12.00
# Visual Studio Version 17
VisualStudioVersion = 17.11.35219.272
MinimumVisualStudioVersion = 10.0.40219.1
Project("{FAE04EC0-301F-11D3-BF4B-00C04F79EFBC}") = "MoviesWebApp", "MoviesWebApp\MoviesWebApp.csproj", "{60CD6B25-A978-4A8B-8172-E5508341F213}"
EndProject
Global
	GlobalSection(SolutionConfigurationPlatforms) = preSolution
		Debug|Any CPU = Debug|Any CPU
		Release|Any CPU = Release|Any CPU
	EndGlobalSection
	GlobalSection(ProjectConfigurationPlatforms) = postSolution
		{60CD6B25-A978-4A8B-8172-E5508341F213}.Debug|Any CPU.ActiveCfg = Debug|Any CPU
		{60CD6B25-A978-4A8B-8172-E5508341F213}.Debug|Any CPU.Build.0 = Debug|Any CPU
		{60CD6B25-A978-4A8B-8172-E5508341F213}.Release|Any CPU.ActiveCfg = Release|Any CPU
		{60CD6B25-A978-4A8B-8172-E5508341F213}.Release|Any CPU.Build.0 = Release|Any CPU
	EndGlobalSection
	GlobalSection(SolutionProperties) = preSolution
		HideSolutionNode = FALSE
	EndGlobalSection
	GlobalSection(ExtensibilityGlobals) = postSolution
		SolutionGuid = {A6484B27-B32C-46BF-949B-6FA121925948}
	EndGlobalSection
EndGlobal
